// !$*UTF8*$!
{
	archiveVersion = 1;
	classes = {
	};
	objectVersion = 56;
	objects = {

/* Begin PBXBuildFile section */
		EF0759612C6658E900CA1F67 /* NotificationPresenter.swift in Sources */ = {isa = PBXBuildFile; fileRef = EF07595B2C6658E900CA1F67 /* NotificationPresenter.swift */; };
		EF0759622C6658E900CA1F67 /* NotificationWorker.swift in Sources */ = {isa = PBXBuildFile; fileRef = EF07595C2C6658E900CA1F67 /* NotificationWorker.swift */; };
		EF0759632C6658E900CA1F67 /* NotificationRouter.swift in Sources */ = {isa = PBXBuildFile; fileRef = EF07595D2C6658E900CA1F67 /* NotificationRouter.swift */; };
		EF0759642C6658E900CA1F67 /* NotificationModels.swift in Sources */ = {isa = PBXBuildFile; fileRef = EF07595E2C6658E900CA1F67 /* NotificationModels.swift */; };
		EF0759652C6658E900CA1F67 /* NotificationViewController.swift in Sources */ = {isa = PBXBuildFile; fileRef = EF07595F2C6658E900CA1F67 /* NotificationViewController.swift */; };
		EF0759662C6658E900CA1F67 /* NotificationInteractor.swift in Sources */ = {isa = PBXBuildFile; fileRef = EF0759602C6658E900CA1F67 /* NotificationInteractor.swift */; };
		EF07596D2C66590900CA1F67 /* ProfilePresenter.swift in Sources */ = {isa = PBXBuildFile; fileRef = EF0759672C66590900CA1F67 /* ProfilePresenter.swift */; };
		EF07596E2C66590900CA1F67 /* ProfileWorker.swift in Sources */ = {isa = PBXBuildFile; fileRef = EF0759682C66590900CA1F67 /* ProfileWorker.swift */; };
		EF07596F2C66590900CA1F67 /* ProfileRouter.swift in Sources */ = {isa = PBXBuildFile; fileRef = EF0759692C66590900CA1F67 /* ProfileRouter.swift */; };
		EF0759702C66590900CA1F67 /* ProfileModels.swift in Sources */ = {isa = PBXBuildFile; fileRef = EF07596A2C66590900CA1F67 /* ProfileModels.swift */; };
		EF0759712C66590900CA1F67 /* ProfileViewController.swift in Sources */ = {isa = PBXBuildFile; fileRef = EF07596B2C66590900CA1F67 /* ProfileViewController.swift */; };
		EF0759722C66590900CA1F67 /* ProfileInteractor.swift in Sources */ = {isa = PBXBuildFile; fileRef = EF07596C2C66590900CA1F67 /* ProfileInteractor.swift */; };
		EF0759742C66592F00CA1F67 /* NotificationStoryboard.storyboard in Resources */ = {isa = PBXBuildFile; fileRef = EF0759732C66592F00CA1F67 /* NotificationStoryboard.storyboard */; };
		EF0759762C66594000CA1F67 /* ProfileStoryboard.storyboard in Resources */ = {isa = PBXBuildFile; fileRef = EF0759752C66594000CA1F67 /* ProfileStoryboard.storyboard */; };
		EF0759782C667C6300CA1F67 /* TabbarViewController.swift in Sources */ = {isa = PBXBuildFile; fileRef = EF0759772C667C6300CA1F67 /* TabbarViewController.swift */; };
		EF07597B2C66880200CA1F67 /* EmptyViewController.swift in Sources */ = {isa = PBXBuildFile; fileRef = EF07597A2C66880200CA1F67 /* EmptyViewController.swift */; };
		EF07597D2C66881000CA1F67 /* EmptyStoryboard.storyboard in Resources */ = {isa = PBXBuildFile; fileRef = EF07597C2C66881000CA1F67 /* EmptyStoryboard.storyboard */; };
		EF09E4492C661F69004675DF /* HomeStoryboard.storyboard in Resources */ = {isa = PBXBuildFile; fileRef = EF09E4482C661F69004675DF /* HomeStoryboard.storyboard */; };
		EF09E4552C66290F004675DF /* SearchPresenter.swift in Sources */ = {isa = PBXBuildFile; fileRef = EF09E44F2C66290F004675DF /* SearchPresenter.swift */; };
		EF09E4562C66290F004675DF /* SearchWorker.swift in Sources */ = {isa = PBXBuildFile; fileRef = EF09E4502C66290F004675DF /* SearchWorker.swift */; };
		EF09E4572C66290F004675DF /* SearchRouter.swift in Sources */ = {isa = PBXBuildFile; fileRef = EF09E4512C66290F004675DF /* SearchRouter.swift */; };
		EF09E4582C66290F004675DF /* SearchModels.swift in Sources */ = {isa = PBXBuildFile; fileRef = EF09E4522C66290F004675DF /* SearchModels.swift */; };
		EF09E4592C66290F004675DF /* SearchViewController.swift in Sources */ = {isa = PBXBuildFile; fileRef = EF09E4532C66290F004675DF /* SearchViewController.swift */; };
		EF09E45A2C66290F004675DF /* SearchInteractor.swift in Sources */ = {isa = PBXBuildFile; fileRef = EF09E4542C66290F004675DF /* SearchInteractor.swift */; };
		EF09E45C2C662926004675DF /* SearchStoryboard.storyboard in Resources */ = {isa = PBXBuildFile; fileRef = EF09E45B2C662926004675DF /* SearchStoryboard.storyboard */; };
		EF15DED42C5EC41600EF4294 /* LoginPresenter.swift in Sources */ = {isa = PBXBuildFile; fileRef = EF15DECE2C5EC41600EF4294 /* LoginPresenter.swift */; };
		EF15DED52C5EC41600EF4294 /* LoginWorker.swift in Sources */ = {isa = PBXBuildFile; fileRef = EF15DECF2C5EC41600EF4294 /* LoginWorker.swift */; };
		EF15DED62C5EC41600EF4294 /* LoginRouter.swift in Sources */ = {isa = PBXBuildFile; fileRef = EF15DED02C5EC41600EF4294 /* LoginRouter.swift */; };
		EF15DED72C5EC41600EF4294 /* LoginModels.swift in Sources */ = {isa = PBXBuildFile; fileRef = EF15DED12C5EC41600EF4294 /* LoginModels.swift */; };
		EF15DED82C5EC41600EF4294 /* LoginViewController.swift in Sources */ = {isa = PBXBuildFile; fileRef = EF15DED22C5EC41600EF4294 /* LoginViewController.swift */; };
		EF15DED92C5EC41600EF4294 /* LoginInteractor.swift in Sources */ = {isa = PBXBuildFile; fileRef = EF15DED32C5EC41600EF4294 /* LoginInteractor.swift */; };
		EF15DEE02C5EC44700EF4294 /* CreateAccountPresenter.swift in Sources */ = {isa = PBXBuildFile; fileRef = EF15DEDA2C5EC44700EF4294 /* CreateAccountPresenter.swift */; };
		EF15DEE12C5EC44700EF4294 /* CreateAccountWorker.swift in Sources */ = {isa = PBXBuildFile; fileRef = EF15DEDB2C5EC44700EF4294 /* CreateAccountWorker.swift */; };
		EF15DEE22C5EC44700EF4294 /* CreateAccountRouter.swift in Sources */ = {isa = PBXBuildFile; fileRef = EF15DEDC2C5EC44700EF4294 /* CreateAccountRouter.swift */; };
		EF15DEE32C5EC44700EF4294 /* CreateAccountModels.swift in Sources */ = {isa = PBXBuildFile; fileRef = EF15DEDD2C5EC44700EF4294 /* CreateAccountModels.swift */; };
		EF15DEE42C5EC44700EF4294 /* CreateAccountViewController.swift in Sources */ = {isa = PBXBuildFile; fileRef = EF15DEDE2C5EC44700EF4294 /* CreateAccountViewController.swift */; };
		EF15DEE52C5EC44700EF4294 /* CreateAccountInteractor.swift in Sources */ = {isa = PBXBuildFile; fileRef = EF15DEDF2C5EC44700EF4294 /* CreateAccountInteractor.swift */; };
		EF15DEE72C5EC68000EF4294 /* LoginStoryboard.storyboard in Resources */ = {isa = PBXBuildFile; fileRef = EF15DEE62C5EC68000EF4294 /* LoginStoryboard.storyboard */; };
		EF15DEE92C5EC68F00EF4294 /* CreateAccountStoryboard.storyboard in Resources */ = {isa = PBXBuildFile; fileRef = EF15DEE82C5EC68F00EF4294 /* CreateAccountStoryboard.storyboard */; };
		EF15DEF02C5EC91500EF4294 /* AuthenticationPresenter.swift in Sources */ = {isa = PBXBuildFile; fileRef = EF15DEEA2C5EC91500EF4294 /* AuthenticationPresenter.swift */; };
		EF15DEF12C5EC91500EF4294 /* AuthenticationWorker.swift in Sources */ = {isa = PBXBuildFile; fileRef = EF15DEEB2C5EC91500EF4294 /* AuthenticationWorker.swift */; };
		EF15DEF22C5EC91500EF4294 /* AuthenticationRouter.swift in Sources */ = {isa = PBXBuildFile; fileRef = EF15DEEC2C5EC91500EF4294 /* AuthenticationRouter.swift */; };
		EF15DEF32C5EC91500EF4294 /* AuthenticationModels.swift in Sources */ = {isa = PBXBuildFile; fileRef = EF15DEED2C5EC91500EF4294 /* AuthenticationModels.swift */; };
		EF15DEF42C5EC91500EF4294 /* AuthenticationViewController.swift in Sources */ = {isa = PBXBuildFile; fileRef = EF15DEEE2C5EC91500EF4294 /* AuthenticationViewController.swift */; };
		EF15DEF52C5EC91500EF4294 /* AuthenticationInteractor.swift in Sources */ = {isa = PBXBuildFile; fileRef = EF15DEEF2C5EC91500EF4294 /* AuthenticationInteractor.swift */; };
		EF15DEF72C5EC94A00EF4294 /* AuthenticationStoryboard.storyboard in Resources */ = {isa = PBXBuildFile; fileRef = EF15DEF62C5EC94A00EF4294 /* AuthenticationStoryboard.storyboard */; };
		EF86657C2C653E7C0016023C /* GoogleService-Info.plist in Resources */ = {isa = PBXBuildFile; fileRef = EF86657B2C653E7C0016023C /* GoogleService-Info.plist */; };
		EF8665822C6612EF0016023C /* HomeTabbarViewController.swift in Sources */ = {isa = PBXBuildFile; fileRef = EF8665812C6612EF0016023C /* HomeTabbarViewController.swift */; };
		EF8665842C66133F0016023C /* HomeTabbarStoryboard.storyboard in Resources */ = {isa = PBXBuildFile; fileRef = EF8665832C66133F0016023C /* HomeTabbarStoryboard.storyboard */; };
		EF89885F2C5ED4090028FFD4 /* Tabman in Frameworks */ = {isa = PBXBuildFile; productRef = EF89885E2C5ED4090028FFD4 /* Tabman */; };
		EFB5AF8B2C5E94190004075F /* AppDelegate.swift in Sources */ = {isa = PBXBuildFile; fileRef = EFB5AF8A2C5E94190004075F /* AppDelegate.swift */; };
		EFB5AF8D2C5E94190004075F /* SceneDelegate.swift in Sources */ = {isa = PBXBuildFile; fileRef = EFB5AF8C2C5E94190004075F /* SceneDelegate.swift */; };
		EFB5AF8F2C5E94190004075F /* MainViewController.swift in Sources */ = {isa = PBXBuildFile; fileRef = EFB5AF8E2C5E94190004075F /* MainViewController.swift */; };
		EFB5AF922C5E94190004075F /* Base in Resources */ = {isa = PBXBuildFile; fileRef = EFB5AF912C5E94190004075F /* Base */; };
		EFB5AF942C5E941A0004075F /* Assets.xcassets in Resources */ = {isa = PBXBuildFile; fileRef = EFB5AF932C5E941A0004075F /* Assets.xcassets */; };
		EFB5AF972C5E941A0004075F /* Base in Resources */ = {isa = PBXBuildFile; fileRef = EFB5AF962C5E941A0004075F /* Base */; };
		EFB5AFA22C5E941B0004075F /* FoodRecipeAppTests.swift in Sources */ = {isa = PBXBuildFile; fileRef = EFB5AFA12C5E941B0004075F /* FoodRecipeAppTests.swift */; };
		EFB5AFAC2C5E941B0004075F /* FoodRecipeAppUITests.swift in Sources */ = {isa = PBXBuildFile; fileRef = EFB5AFAB2C5E941B0004075F /* FoodRecipeAppUITests.swift */; };
		EFB5AFAE2C5E941B0004075F /* FoodRecipeAppUITestsLaunchTests.swift in Sources */ = {isa = PBXBuildFile; fileRef = EFB5AFAD2C5E941B0004075F /* FoodRecipeAppUITestsLaunchTests.swift */; };
		EFC523942C629A94001467DC /* HomePresenter.swift in Sources */ = {isa = PBXBuildFile; fileRef = EFC5238E2C629A94001467DC /* HomePresenter.swift */; };
		EFC523952C629A94001467DC /* HomeWorker.swift in Sources */ = {isa = PBXBuildFile; fileRef = EFC5238F2C629A94001467DC /* HomeWorker.swift */; };
		EFC523962C629A94001467DC /* HomeRouter.swift in Sources */ = {isa = PBXBuildFile; fileRef = EFC523902C629A94001467DC /* HomeRouter.swift */; };
		EFC523972C629A94001467DC /* HomeModels.swift in Sources */ = {isa = PBXBuildFile; fileRef = EFC523912C629A94001467DC /* HomeModels.swift */; };
		EFC523982C629A94001467DC /* HomeViewController.swift in Sources */ = {isa = PBXBuildFile; fileRef = EFC523922C629A94001467DC /* HomeViewController.swift */; };
		EFC523992C629A94001467DC /* HomeInteractor.swift in Sources */ = {isa = PBXBuildFile; fileRef = EFC523932C629A94001467DC /* HomeInteractor.swift */; };
		EFD3556A2C613C60005CC6DA /* FirebaseAuth in Frameworks */ = {isa = PBXBuildFile; productRef = EFD355692C613C60005CC6DA /* FirebaseAuth */; };
		EFD3556C2C613C60005CC6DA /* GoogleSignIn in Frameworks */ = {isa = PBXBuildFile; productRef = EFD3556B2C613C60005CC6DA /* GoogleSignIn */; };
		EFD3556E2C613C60005CC6DA /* GoogleSignInSwift in Frameworks */ = {isa = PBXBuildFile; productRef = EFD3556D2C613C60005CC6DA /* GoogleSignInSwift */; };
		EFD355712C615183005CC6DA /* GoogleService.swift in Sources */ = {isa = PBXBuildFile; fileRef = EFD355702C615183005CC6DA /* GoogleService.swift */; };
/* End PBXBuildFile section */

/* Begin PBXContainerItemProxy section */
		EFB5AF9E2C5E941B0004075F /* PBXContainerItemProxy */ = {
			isa = PBXContainerItemProxy;
			containerPortal = EFB5AF7F2C5E94190004075F /* Project object */;
			proxyType = 1;
			remoteGlobalIDString = EFB5AF862C5E94190004075F;
			remoteInfo = FoodRecipeApp;
		};
		EFB5AFA82C5E941B0004075F /* PBXContainerItemProxy */ = {
			isa = PBXContainerItemProxy;
			containerPortal = EFB5AF7F2C5E94190004075F /* Project object */;
			proxyType = 1;
			remoteGlobalIDString = EFB5AF862C5E94190004075F;
			remoteInfo = FoodRecipeApp;
		};
/* End PBXContainerItemProxy section */

/* Begin PBXFileReference section */
		EF07595B2C6658E900CA1F67 /* NotificationPresenter.swift */ = {isa = PBXFileReference; lastKnownFileType = sourcecode.swift; path = NotificationPresenter.swift; sourceTree = "<group>"; };
		EF07595C2C6658E900CA1F67 /* NotificationWorker.swift */ = {isa = PBXFileReference; lastKnownFileType = sourcecode.swift; path = NotificationWorker.swift; sourceTree = "<group>"; };
		EF07595D2C6658E900CA1F67 /* NotificationRouter.swift */ = {isa = PBXFileReference; lastKnownFileType = sourcecode.swift; path = NotificationRouter.swift; sourceTree = "<group>"; };
		EF07595E2C6658E900CA1F67 /* NotificationModels.swift */ = {isa = PBXFileReference; lastKnownFileType = sourcecode.swift; path = NotificationModels.swift; sourceTree = "<group>"; };
		EF07595F2C6658E900CA1F67 /* NotificationViewController.swift */ = {isa = PBXFileReference; lastKnownFileType = sourcecode.swift; path = NotificationViewController.swift; sourceTree = "<group>"; };
		EF0759602C6658E900CA1F67 /* NotificationInteractor.swift */ = {isa = PBXFileReference; lastKnownFileType = sourcecode.swift; path = NotificationInteractor.swift; sourceTree = "<group>"; };
		EF0759672C66590900CA1F67 /* ProfilePresenter.swift */ = {isa = PBXFileReference; lastKnownFileType = sourcecode.swift; path = ProfilePresenter.swift; sourceTree = "<group>"; };
		EF0759682C66590900CA1F67 /* ProfileWorker.swift */ = {isa = PBXFileReference; lastKnownFileType = sourcecode.swift; path = ProfileWorker.swift; sourceTree = "<group>"; };
		EF0759692C66590900CA1F67 /* ProfileRouter.swift */ = {isa = PBXFileReference; lastKnownFileType = sourcecode.swift; path = ProfileRouter.swift; sourceTree = "<group>"; };
		EF07596A2C66590900CA1F67 /* ProfileModels.swift */ = {isa = PBXFileReference; lastKnownFileType = sourcecode.swift; path = ProfileModels.swift; sourceTree = "<group>"; };
		EF07596B2C66590900CA1F67 /* ProfileViewController.swift */ = {isa = PBXFileReference; lastKnownFileType = sourcecode.swift; path = ProfileViewController.swift; sourceTree = "<group>"; };
		EF07596C2C66590900CA1F67 /* ProfileInteractor.swift */ = {isa = PBXFileReference; lastKnownFileType = sourcecode.swift; path = ProfileInteractor.swift; sourceTree = "<group>"; };
		EF0759732C66592F00CA1F67 /* NotificationStoryboard.storyboard */ = {isa = PBXFileReference; lastKnownFileType = file.storyboard; path = NotificationStoryboard.storyboard; sourceTree = "<group>"; };
		EF0759752C66594000CA1F67 /* ProfileStoryboard.storyboard */ = {isa = PBXFileReference; lastKnownFileType = file.storyboard; path = ProfileStoryboard.storyboard; sourceTree = "<group>"; };
		EF0759772C667C6300CA1F67 /* TabbarViewController.swift */ = {isa = PBXFileReference; lastKnownFileType = sourcecode.swift; path = TabbarViewController.swift; sourceTree = "<group>"; };
		EF07597A2C66880200CA1F67 /* EmptyViewController.swift */ = {isa = PBXFileReference; lastKnownFileType = sourcecode.swift; path = EmptyViewController.swift; sourceTree = "<group>"; };
		EF07597C2C66881000CA1F67 /* EmptyStoryboard.storyboard */ = {isa = PBXFileReference; lastKnownFileType = file.storyboard; path = EmptyStoryboard.storyboard; sourceTree = "<group>"; };
		EF09E4482C661F69004675DF /* HomeStoryboard.storyboard */ = {isa = PBXFileReference; lastKnownFileType = file.storyboard; path = HomeStoryboard.storyboard; sourceTree = "<group>"; };
		EF09E44F2C66290F004675DF /* SearchPresenter.swift */ = {isa = PBXFileReference; lastKnownFileType = sourcecode.swift; path = SearchPresenter.swift; sourceTree = "<group>"; };
		EF09E4502C66290F004675DF /* SearchWorker.swift */ = {isa = PBXFileReference; lastKnownFileType = sourcecode.swift; path = SearchWorker.swift; sourceTree = "<group>"; };
		EF09E4512C66290F004675DF /* SearchRouter.swift */ = {isa = PBXFileReference; lastKnownFileType = sourcecode.swift; path = SearchRouter.swift; sourceTree = "<group>"; };
		EF09E4522C66290F004675DF /* SearchModels.swift */ = {isa = PBXFileReference; lastKnownFileType = sourcecode.swift; path = SearchModels.swift; sourceTree = "<group>"; };
		EF09E4532C66290F004675DF /* SearchViewController.swift */ = {isa = PBXFileReference; lastKnownFileType = sourcecode.swift; path = SearchViewController.swift; sourceTree = "<group>"; };
		EF09E4542C66290F004675DF /* SearchInteractor.swift */ = {isa = PBXFileReference; lastKnownFileType = sourcecode.swift; path = SearchInteractor.swift; sourceTree = "<group>"; };
		EF09E45B2C662926004675DF /* SearchStoryboard.storyboard */ = {isa = PBXFileReference; lastKnownFileType = file.storyboard; path = SearchStoryboard.storyboard; sourceTree = "<group>"; };
		EF15DEAA2C5EB67200EF4294 /* Inter-Black.ttf */ = {isa = PBXFileReference; lastKnownFileType = file; path = "Inter-Black.ttf"; sourceTree = "<group>"; };
		EF15DEAB2C5EB67200EF4294 /* Inter-ExtraBold.ttf */ = {isa = PBXFileReference; lastKnownFileType = file; path = "Inter-ExtraBold.ttf"; sourceTree = "<group>"; };
		EF15DEAC2C5EB67200EF4294 /* Inter-ExtraLight.ttf */ = {isa = PBXFileReference; lastKnownFileType = file; path = "Inter-ExtraLight.ttf"; sourceTree = "<group>"; };
		EF15DEAD2C5EB67200EF4294 /* Inter-Regular.ttf */ = {isa = PBXFileReference; lastKnownFileType = file; path = "Inter-Regular.ttf"; sourceTree = "<group>"; };
		EF15DEAE2C5EB67200EF4294 /* Inter-Light.ttf */ = {isa = PBXFileReference; lastKnownFileType = file; path = "Inter-Light.ttf"; sourceTree = "<group>"; };
		EF15DEAF2C5EB67200EF4294 /* Inter-Medium.ttf */ = {isa = PBXFileReference; lastKnownFileType = file; path = "Inter-Medium.ttf"; sourceTree = "<group>"; };
		EF15DEB02C5EB67200EF4294 /* Inter-Thin.ttf */ = {isa = PBXFileReference; lastKnownFileType = file; path = "Inter-Thin.ttf"; sourceTree = "<group>"; };
		EF15DEB12C5EB67200EF4294 /* Inter-Bold.ttf */ = {isa = PBXFileReference; lastKnownFileType = file; path = "Inter-Bold.ttf"; sourceTree = "<group>"; };
		EF15DEB22C5EB67200EF4294 /* Inter-SemiBold.ttf */ = {isa = PBXFileReference; lastKnownFileType = file; path = "Inter-SemiBold.ttf"; sourceTree = "<group>"; };
		EF15DECE2C5EC41600EF4294 /* LoginPresenter.swift */ = {isa = PBXFileReference; lastKnownFileType = sourcecode.swift; path = LoginPresenter.swift; sourceTree = "<group>"; };
		EF15DECF2C5EC41600EF4294 /* LoginWorker.swift */ = {isa = PBXFileReference; lastKnownFileType = sourcecode.swift; path = LoginWorker.swift; sourceTree = "<group>"; };
		EF15DED02C5EC41600EF4294 /* LoginRouter.swift */ = {isa = PBXFileReference; lastKnownFileType = sourcecode.swift; path = LoginRouter.swift; sourceTree = "<group>"; };
		EF15DED12C5EC41600EF4294 /* LoginModels.swift */ = {isa = PBXFileReference; lastKnownFileType = sourcecode.swift; path = LoginModels.swift; sourceTree = "<group>"; };
		EF15DED22C5EC41600EF4294 /* LoginViewController.swift */ = {isa = PBXFileReference; lastKnownFileType = sourcecode.swift; path = LoginViewController.swift; sourceTree = "<group>"; };
		EF15DED32C5EC41600EF4294 /* LoginInteractor.swift */ = {isa = PBXFileReference; lastKnownFileType = sourcecode.swift; path = LoginInteractor.swift; sourceTree = "<group>"; };
		EF15DEDA2C5EC44700EF4294 /* CreateAccountPresenter.swift */ = {isa = PBXFileReference; lastKnownFileType = sourcecode.swift; path = CreateAccountPresenter.swift; sourceTree = "<group>"; };
		EF15DEDB2C5EC44700EF4294 /* CreateAccountWorker.swift */ = {isa = PBXFileReference; lastKnownFileType = sourcecode.swift; path = CreateAccountWorker.swift; sourceTree = "<group>"; };
		EF15DEDC2C5EC44700EF4294 /* CreateAccountRouter.swift */ = {isa = PBXFileReference; lastKnownFileType = sourcecode.swift; path = CreateAccountRouter.swift; sourceTree = "<group>"; };
		EF15DEDD2C5EC44700EF4294 /* CreateAccountModels.swift */ = {isa = PBXFileReference; lastKnownFileType = sourcecode.swift; path = CreateAccountModels.swift; sourceTree = "<group>"; };
		EF15DEDE2C5EC44700EF4294 /* CreateAccountViewController.swift */ = {isa = PBXFileReference; lastKnownFileType = sourcecode.swift; path = CreateAccountViewController.swift; sourceTree = "<group>"; };
		EF15DEDF2C5EC44700EF4294 /* CreateAccountInteractor.swift */ = {isa = PBXFileReference; lastKnownFileType = sourcecode.swift; path = CreateAccountInteractor.swift; sourceTree = "<group>"; };
		EF15DEE62C5EC68000EF4294 /* LoginStoryboard.storyboard */ = {isa = PBXFileReference; lastKnownFileType = file.storyboard; path = LoginStoryboard.storyboard; sourceTree = "<group>"; };
		EF15DEE82C5EC68F00EF4294 /* CreateAccountStoryboard.storyboard */ = {isa = PBXFileReference; lastKnownFileType = file.storyboard; path = CreateAccountStoryboard.storyboard; sourceTree = "<group>"; };
		EF15DEEA2C5EC91500EF4294 /* AuthenticationPresenter.swift */ = {isa = PBXFileReference; lastKnownFileType = sourcecode.swift; path = AuthenticationPresenter.swift; sourceTree = "<group>"; };
		EF15DEEB2C5EC91500EF4294 /* AuthenticationWorker.swift */ = {isa = PBXFileReference; lastKnownFileType = sourcecode.swift; path = AuthenticationWorker.swift; sourceTree = "<group>"; };
		EF15DEEC2C5EC91500EF4294 /* AuthenticationRouter.swift */ = {isa = PBXFileReference; lastKnownFileType = sourcecode.swift; path = AuthenticationRouter.swift; sourceTree = "<group>"; };
		EF15DEED2C5EC91500EF4294 /* AuthenticationModels.swift */ = {isa = PBXFileReference; lastKnownFileType = sourcecode.swift; path = AuthenticationModels.swift; sourceTree = "<group>"; };
		EF15DEEE2C5EC91500EF4294 /* AuthenticationViewController.swift */ = {isa = PBXFileReference; lastKnownFileType = sourcecode.swift; path = AuthenticationViewController.swift; sourceTree = "<group>"; };
		EF15DEEF2C5EC91500EF4294 /* AuthenticationInteractor.swift */ = {isa = PBXFileReference; lastKnownFileType = sourcecode.swift; path = AuthenticationInteractor.swift; sourceTree = "<group>"; };
		EF15DEF62C5EC94A00EF4294 /* AuthenticationStoryboard.storyboard */ = {isa = PBXFileReference; lastKnownFileType = file.storyboard; path = AuthenticationStoryboard.storyboard; sourceTree = "<group>"; };
		EF86657B2C653E7C0016023C /* GoogleService-Info.plist */ = {isa = PBXFileReference; fileEncoding = 4; lastKnownFileType = text.plist.xml; path = "GoogleService-Info.plist"; sourceTree = "<group>"; };
		EF8665812C6612EF0016023C /* HomeTabbarViewController.swift */ = {isa = PBXFileReference; lastKnownFileType = sourcecode.swift; path = HomeTabbarViewController.swift; sourceTree = "<group>"; };
		EF8665832C66133F0016023C /* HomeTabbarStoryboard.storyboard */ = {isa = PBXFileReference; lastKnownFileType = file.storyboard; path = HomeTabbarStoryboard.storyboard; sourceTree = "<group>"; };
		EFB5AF872C5E94190004075F /* FoodRecipeApp.app */ = {isa = PBXFileReference; explicitFileType = wrapper.application; includeInIndex = 0; path = FoodRecipeApp.app; sourceTree = BUILT_PRODUCTS_DIR; };
		EFB5AF8A2C5E94190004075F /* AppDelegate.swift */ = {isa = PBXFileReference; lastKnownFileType = sourcecode.swift; path = AppDelegate.swift; sourceTree = "<group>"; };
		EFB5AF8C2C5E94190004075F /* SceneDelegate.swift */ = {isa = PBXFileReference; lastKnownFileType = sourcecode.swift; path = SceneDelegate.swift; sourceTree = "<group>"; };
		EFB5AF8E2C5E94190004075F /* MainViewController.swift */ = {isa = PBXFileReference; lastKnownFileType = sourcecode.swift; path = MainViewController.swift; sourceTree = "<group>"; };
		EFB5AF912C5E94190004075F /* Base */ = {isa = PBXFileReference; lastKnownFileType = file.storyboard; name = Base; path = Base.lproj/Main.storyboard; sourceTree = "<group>"; };
		EFB5AF932C5E941A0004075F /* Assets.xcassets */ = {isa = PBXFileReference; lastKnownFileType = folder.assetcatalog; path = Assets.xcassets; sourceTree = "<group>"; };
		EFB5AF962C5E941A0004075F /* Base */ = {isa = PBXFileReference; lastKnownFileType = file.storyboard; name = Base; path = Base.lproj/LaunchScreen.storyboard; sourceTree = "<group>"; };
		EFB5AF982C5E941A0004075F /* Info.plist */ = {isa = PBXFileReference; lastKnownFileType = text.plist.xml; path = Info.plist; sourceTree = "<group>"; };
		EFB5AF9D2C5E941B0004075F /* FoodRecipeAppTests.xctest */ = {isa = PBXFileReference; explicitFileType = wrapper.cfbundle; includeInIndex = 0; path = FoodRecipeAppTests.xctest; sourceTree = BUILT_PRODUCTS_DIR; };
		EFB5AFA12C5E941B0004075F /* FoodRecipeAppTests.swift */ = {isa = PBXFileReference; lastKnownFileType = sourcecode.swift; path = FoodRecipeAppTests.swift; sourceTree = "<group>"; };
		EFB5AFA72C5E941B0004075F /* FoodRecipeAppUITests.xctest */ = {isa = PBXFileReference; explicitFileType = wrapper.cfbundle; includeInIndex = 0; path = FoodRecipeAppUITests.xctest; sourceTree = BUILT_PRODUCTS_DIR; };
		EFB5AFAB2C5E941B0004075F /* FoodRecipeAppUITests.swift */ = {isa = PBXFileReference; lastKnownFileType = sourcecode.swift; path = FoodRecipeAppUITests.swift; sourceTree = "<group>"; };
		EFB5AFAD2C5E941B0004075F /* FoodRecipeAppUITestsLaunchTests.swift */ = {isa = PBXFileReference; lastKnownFileType = sourcecode.swift; path = FoodRecipeAppUITestsLaunchTests.swift; sourceTree = "<group>"; };
		EFC5238E2C629A94001467DC /* HomePresenter.swift */ = {isa = PBXFileReference; lastKnownFileType = sourcecode.swift; path = HomePresenter.swift; sourceTree = "<group>"; };
		EFC5238F2C629A94001467DC /* HomeWorker.swift */ = {isa = PBXFileReference; lastKnownFileType = sourcecode.swift; path = HomeWorker.swift; sourceTree = "<group>"; };
		EFC523902C629A94001467DC /* HomeRouter.swift */ = {isa = PBXFileReference; lastKnownFileType = sourcecode.swift; path = HomeRouter.swift; sourceTree = "<group>"; };
		EFC523912C629A94001467DC /* HomeModels.swift */ = {isa = PBXFileReference; lastKnownFileType = sourcecode.swift; path = HomeModels.swift; sourceTree = "<group>"; };
		EFC523922C629A94001467DC /* HomeViewController.swift */ = {isa = PBXFileReference; lastKnownFileType = sourcecode.swift; path = HomeViewController.swift; sourceTree = "<group>"; };
		EFC523932C629A94001467DC /* HomeInteractor.swift */ = {isa = PBXFileReference; lastKnownFileType = sourcecode.swift; path = HomeInteractor.swift; sourceTree = "<group>"; };
		EFD355702C615183005CC6DA /* GoogleService.swift */ = {isa = PBXFileReference; lastKnownFileType = sourcecode.swift; path = GoogleService.swift; sourceTree = "<group>"; };
/* End PBXFileReference section */

/* Begin PBXFrameworksBuildPhase section */
		EFB5AF842C5E94190004075F /* Frameworks */ = {
			isa = PBXFrameworksBuildPhase;
			buildActionMask = 2147483647;
			files = (
				EF89885F2C5ED4090028FFD4 /* Tabman in Frameworks */,
				EFD3556A2C613C60005CC6DA /* FirebaseAuth in Frameworks */,
				EFD3556C2C613C60005CC6DA /* GoogleSignIn in Frameworks */,
				EFD3556E2C613C60005CC6DA /* GoogleSignInSwift in Frameworks */,
			);
			runOnlyForDeploymentPostprocessing = 0;
		};
		EFB5AF9A2C5E941B0004075F /* Frameworks */ = {
			isa = PBXFrameworksBuildPhase;
			buildActionMask = 2147483647;
			files = (
			);
			runOnlyForDeploymentPostprocessing = 0;
		};
		EFB5AFA42C5E941B0004075F /* Frameworks */ = {
			isa = PBXFrameworksBuildPhase;
			buildActionMask = 2147483647;
			files = (
			);
			runOnlyForDeploymentPostprocessing = 0;
		};
/* End PBXFrameworksBuildPhase section */

/* Begin PBXGroup section */
		EF0759592C66586300CA1F67 /* Notification */ = {
			isa = PBXGroup;
			children = (
				EF0759732C66592F00CA1F67 /* NotificationStoryboard.storyboard */,
				EF07595F2C6658E900CA1F67 /* NotificationViewController.swift */,
				EF0759602C6658E900CA1F67 /* NotificationInteractor.swift */,
				EF07595B2C6658E900CA1F67 /* NotificationPresenter.swift */,
				EF07595C2C6658E900CA1F67 /* NotificationWorker.swift */,
				EF07595D2C6658E900CA1F67 /* NotificationRouter.swift */,
				EF07595E2C6658E900CA1F67 /* NotificationModels.swift */,
			);
			path = Notification;
			sourceTree = "<group>";
		};
		EF07595A2C66588200CA1F67 /* Profile */ = {
			isa = PBXGroup;
			children = (
				EF0759752C66594000CA1F67 /* ProfileStoryboard.storyboard */,
				EF07596B2C66590900CA1F67 /* ProfileViewController.swift */,
				EF07596C2C66590900CA1F67 /* ProfileInteractor.swift */,
				EF0759672C66590900CA1F67 /* ProfilePresenter.swift */,
				EF0759682C66590900CA1F67 /* ProfileWorker.swift */,
				EF0759692C66590900CA1F67 /* ProfileRouter.swift */,
				EF07596A2C66590900CA1F67 /* ProfileModels.swift */,
			);
			path = Profile;
			sourceTree = "<group>";
		};
		EF0759792C6687E800CA1F67 /* Empty */ = {
			isa = PBXGroup;
			children = (
				EF07597C2C66881000CA1F67 /* EmptyStoryboard.storyboard */,
				EF07597A2C66880200CA1F67 /* EmptyViewController.swift */,
			);
			path = Empty;
			sourceTree = "<group>";
		};
		EF09E44E2C6628EB004675DF /* Search */ = {
			isa = PBXGroup;
			children = (
				EF09E45B2C662926004675DF /* SearchStoryboard.storyboard */,
				EF09E4532C66290F004675DF /* SearchViewController.swift */,
				EF09E4542C66290F004675DF /* SearchInteractor.swift */,
				EF09E44F2C66290F004675DF /* SearchPresenter.swift */,
				EF09E4502C66290F004675DF /* SearchWorker.swift */,
				EF09E4512C66290F004675DF /* SearchRouter.swift */,
				EF09E4522C66290F004675DF /* SearchModels.swift */,
			);
			path = Search;
			sourceTree = "<group>";
		};
		EF15DEB32C5EC29300EF4294 /* Authentication */ = {
			isa = PBXGroup;
			children = (
				EF15DEF62C5EC94A00EF4294 /* AuthenticationStoryboard.storyboard */,
				EF15DEEE2C5EC91500EF4294 /* AuthenticationViewController.swift */,
				EF15DEEF2C5EC91500EF4294 /* AuthenticationInteractor.swift */,
				EF15DEEA2C5EC91500EF4294 /* AuthenticationPresenter.swift */,
				EF15DEEB2C5EC91500EF4294 /* AuthenticationWorker.swift */,
				EF15DEEC2C5EC91500EF4294 /* AuthenticationRouter.swift */,
				EF15DEED2C5EC91500EF4294 /* AuthenticationModels.swift */,
				EF15DEB42C5EC2E300EF4294 /* Login */,
				EF15DEB52C5EC2EF00EF4294 /* CreateAccount */,
			);
			path = Authentication;
			sourceTree = "<group>";
		};
		EF15DEB42C5EC2E300EF4294 /* Login */ = {
			isa = PBXGroup;
			children = (
				EF15DEE62C5EC68000EF4294 /* LoginStoryboard.storyboard */,
				EF15DED22C5EC41600EF4294 /* LoginViewController.swift */,
				EF15DED32C5EC41600EF4294 /* LoginInteractor.swift */,
				EF15DECE2C5EC41600EF4294 /* LoginPresenter.swift */,
				EF15DECF2C5EC41600EF4294 /* LoginWorker.swift */,
				EF15DED02C5EC41600EF4294 /* LoginRouter.swift */,
				EF15DED12C5EC41600EF4294 /* LoginModels.swift */,
			);
			path = Login;
			sourceTree = "<group>";
		};
		EF15DEB52C5EC2EF00EF4294 /* CreateAccount */ = {
			isa = PBXGroup;
			children = (
				EF15DEE82C5EC68F00EF4294 /* CreateAccountStoryboard.storyboard */,
				EF15DEDE2C5EC44700EF4294 /* CreateAccountViewController.swift */,
				EF15DEDF2C5EC44700EF4294 /* CreateAccountInteractor.swift */,
				EF15DEDA2C5EC44700EF4294 /* CreateAccountPresenter.swift */,
				EF15DEDB2C5EC44700EF4294 /* CreateAccountWorker.swift */,
				EF15DEDC2C5EC44700EF4294 /* CreateAccountRouter.swift */,
				EF15DEDD2C5EC44700EF4294 /* CreateAccountModels.swift */,
			);
			path = CreateAccount;
			sourceTree = "<group>";
		};
		EF86657D2C6601890016023C /* Extensions */ = {
			isa = PBXGroup;
			children = (
			);
			path = Extensions;
			sourceTree = "<group>";
		};
		EF8665802C6612A20016023C /* Tabbar */ = {
			isa = PBXGroup;
			children = (
				EF8665832C66133F0016023C /* HomeTabbarStoryboard.storyboard */,
				EF8665812C6612EF0016023C /* HomeTabbarViewController.swift */,
				EF0759772C667C6300CA1F67 /* TabbarViewController.swift */,
				EFC5238D2C629A75001467DC /* Home */,
				EF09E44E2C6628EB004675DF /* Search */,
				EF0759592C66586300CA1F67 /* Notification */,
				EF07595A2C66588200CA1F67 /* Profile */,
				EF0759792C6687E800CA1F67 /* Empty */,
			);
			path = Tabbar;
			sourceTree = "<group>";
		};
		EF89885D2C5ED4090028FFD4 /* Frameworks */ = {
			isa = PBXGroup;
			children = (
			);
			name = Frameworks;
			sourceTree = "<group>";
		};
		EFB5AF7E2C5E94190004075F = {
			isa = PBXGroup;
			children = (
				EFB5AF892C5E94190004075F /* FoodRecipeApp */,
				EFB5AFA02C5E941B0004075F /* FoodRecipeAppTests */,
				EFB5AFAA2C5E941B0004075F /* FoodRecipeAppUITests */,
				EFB5AF882C5E94190004075F /* Products */,
				EF89885D2C5ED4090028FFD4 /* Frameworks */,
			);
			sourceTree = "<group>";
		};
		EFB5AF882C5E94190004075F /* Products */ = {
			isa = PBXGroup;
			children = (
				EFB5AF872C5E94190004075F /* FoodRecipeApp.app */,
				EFB5AF9D2C5E941B0004075F /* FoodRecipeAppTests.xctest */,
				EFB5AFA72C5E941B0004075F /* FoodRecipeAppUITests.xctest */,
			);
			name = Products;
			sourceTree = "<group>";
		};
		EFB5AF892C5E94190004075F /* FoodRecipeApp */ = {
			isa = PBXGroup;
			children = (
				EFB5AF982C5E941A0004075F /* Info.plist */,
				EF86657D2C6601890016023C /* Extensions */,
				EFB5AFBC2C5EAB470004075F /* Resources */,
				EFD3556F2C61514E005CC6DA /* Services */,
				EFB5AFBA2C5E9A570004075F /* Sources */,
			);
			path = FoodRecipeApp;
			sourceTree = "<group>";
		};
		EFB5AFA02C5E941B0004075F /* FoodRecipeAppTests */ = {
			isa = PBXGroup;
			children = (
				EFB5AFA12C5E941B0004075F /* FoodRecipeAppTests.swift */,
			);
			path = FoodRecipeAppTests;
			sourceTree = "<group>";
		};
		EFB5AFAA2C5E941B0004075F /* FoodRecipeAppUITests */ = {
			isa = PBXGroup;
			children = (
				EFB5AFAB2C5E941B0004075F /* FoodRecipeAppUITests.swift */,
				EFB5AFAD2C5E941B0004075F /* FoodRecipeAppUITestsLaunchTests.swift */,
			);
			path = FoodRecipeAppUITests;
			sourceTree = "<group>";
		};
		EFB5AFBA2C5E9A570004075F /* Sources */ = {
			isa = PBXGroup;
			children = (
				EFB5AFBB2C5E9A910004075F /* Scenes */,
			);
			path = Sources;
			sourceTree = "<group>";
		};
		EFB5AFBB2C5E9A910004075F /* Scenes */ = {
			isa = PBXGroup;
			children = (
				EFB5AF902C5E94190004075F /* Main.storyboard */,
				EFB5AF8E2C5E94190004075F /* MainViewController.swift */,
				EF15DEB32C5EC29300EF4294 /* Authentication */,
				EF8665802C6612A20016023C /* Tabbar */,
			);
			path = Scenes;
			sourceTree = "<group>";
		};
		EFB5AFBC2C5EAB470004075F /* Resources */ = {
			isa = PBXGroup;
			children = (
				EFB5AF932C5E941A0004075F /* Assets.xcassets */,
				EFB5AF952C5E941A0004075F /* LaunchScreen.storyboard */,
				EFB5AF8A2C5E94190004075F /* AppDelegate.swift */,
				EFB5AF8C2C5E94190004075F /* SceneDelegate.swift */,
				EF86657B2C653E7C0016023C /* GoogleService-Info.plist */,
				EFB5AFBD2C5EACB50004075F /* Fonts */,
			);
			path = Resources;
			sourceTree = "<group>";
		};
		EFB5AFBD2C5EACB50004075F /* Fonts */ = {
			isa = PBXGroup;
			children = (
				EF15DEAA2C5EB67200EF4294 /* Inter-Black.ttf */,
				EF15DEB12C5EB67200EF4294 /* Inter-Bold.ttf */,
				EF15DEAB2C5EB67200EF4294 /* Inter-ExtraBold.ttf */,
				EF15DEAC2C5EB67200EF4294 /* Inter-ExtraLight.ttf */,
				EF15DEAE2C5EB67200EF4294 /* Inter-Light.ttf */,
				EF15DEAF2C5EB67200EF4294 /* Inter-Medium.ttf */,
				EF15DEAD2C5EB67200EF4294 /* Inter-Regular.ttf */,
				EF15DEB22C5EB67200EF4294 /* Inter-SemiBold.ttf */,
				EF15DEB02C5EB67200EF4294 /* Inter-Thin.ttf */,
			);
			path = Fonts;
			sourceTree = "<group>";
		};
		EFC5238D2C629A75001467DC /* Home */ = {
			isa = PBXGroup;
			children = (
				EF09E4482C661F69004675DF /* HomeStoryboard.storyboard */,
				EFC523922C629A94001467DC /* HomeViewController.swift */,
				EFC523932C629A94001467DC /* HomeInteractor.swift */,
				EFC5238E2C629A94001467DC /* HomePresenter.swift */,
				EFC5238F2C629A94001467DC /* HomeWorker.swift */,
				EFC523902C629A94001467DC /* HomeRouter.swift */,
				EFC523912C629A94001467DC /* HomeModels.swift */,
			);
			path = Home;
			sourceTree = "<group>";
		};
		EFD3556F2C61514E005CC6DA /* Services */ = {
			isa = PBXGroup;
			children = (
				EFD355702C615183005CC6DA /* GoogleService.swift */,
			);
			path = Services;
			sourceTree = "<group>";
		};
/* End PBXGroup section */

/* Begin PBXNativeTarget section */
		EFB5AF862C5E94190004075F /* FoodRecipeApp */ = {
			isa = PBXNativeTarget;
			buildConfigurationList = EFB5AFB12C5E941B0004075F /* Build configuration list for PBXNativeTarget "FoodRecipeApp" */;
			buildPhases = (
				EFB5AF832C5E94190004075F /* Sources */,
				EFB5AF842C5E94190004075F /* Frameworks */,
				EFB5AF852C5E94190004075F /* Resources */,
			);
			buildRules = (
			);
			dependencies = (
			);
			name = FoodRecipeApp;
			packageProductDependencies = (
				EF89885E2C5ED4090028FFD4 /* Tabman */,
				EFD355692C613C60005CC6DA /* FirebaseAuth */,
				EFD3556B2C613C60005CC6DA /* GoogleSignIn */,
				EFD3556D2C613C60005CC6DA /* GoogleSignInSwift */,
			);
			productName = FoodRecipeApp;
			productReference = EFB5AF872C5E94190004075F /* FoodRecipeApp.app */;
			productType = "com.apple.product-type.application";
		};
		EFB5AF9C2C5E941B0004075F /* FoodRecipeAppTests */ = {
			isa = PBXNativeTarget;
			buildConfigurationList = EFB5AFB42C5E941B0004075F /* Build configuration list for PBXNativeTarget "FoodRecipeAppTests" */;
			buildPhases = (
				EFB5AF992C5E941B0004075F /* Sources */,
				EFB5AF9A2C5E941B0004075F /* Frameworks */,
				EFB5AF9B2C5E941B0004075F /* Resources */,
			);
			buildRules = (
			);
			dependencies = (
				EFB5AF9F2C5E941B0004075F /* PBXTargetDependency */,
			);
			name = FoodRecipeAppTests;
			productName = FoodRecipeAppTests;
			productReference = EFB5AF9D2C5E941B0004075F /* FoodRecipeAppTests.xctest */;
			productType = "com.apple.product-type.bundle.unit-test";
		};
		EFB5AFA62C5E941B0004075F /* FoodRecipeAppUITests */ = {
			isa = PBXNativeTarget;
			buildConfigurationList = EFB5AFB72C5E941B0004075F /* Build configuration list for PBXNativeTarget "FoodRecipeAppUITests" */;
			buildPhases = (
				EFB5AFA32C5E941B0004075F /* Sources */,
				EFB5AFA42C5E941B0004075F /* Frameworks */,
				EFB5AFA52C5E941B0004075F /* Resources */,
			);
			buildRules = (
			);
			dependencies = (
				EFB5AFA92C5E941B0004075F /* PBXTargetDependency */,
			);
			name = FoodRecipeAppUITests;
			productName = FoodRecipeAppUITests;
			productReference = EFB5AFA72C5E941B0004075F /* FoodRecipeAppUITests.xctest */;
			productType = "com.apple.product-type.bundle.ui-testing";
		};
/* End PBXNativeTarget section */

/* Begin PBXProject section */
		EFB5AF7F2C5E94190004075F /* Project object */ = {
			isa = PBXProject;
			attributes = {
				BuildIndependentTargetsInParallel = 1;
				LastSwiftUpdateCheck = 1540;
				LastUpgradeCheck = 1540;
				ORGANIZATIONNAME = "BeamtanDev Co";
				TargetAttributes = {
					EFB5AF862C5E94190004075F = {
						CreatedOnToolsVersion = 15.4;
					};
					EFB5AF9C2C5E941B0004075F = {
						CreatedOnToolsVersion = 15.4;
						TestTargetID = EFB5AF862C5E94190004075F;
					};
					EFB5AFA62C5E941B0004075F = {
						CreatedOnToolsVersion = 15.4;
						TestTargetID = EFB5AF862C5E94190004075F;
					};
				};
			};
			buildConfigurationList = EFB5AF822C5E94190004075F /* Build configuration list for PBXProject "FoodRecipeApp" */;
			compatibilityVersion = "Xcode 14.0";
			developmentRegion = en;
			hasScannedForEncodings = 0;
			knownRegions = (
				en,
				Base,
			);
			mainGroup = EFB5AF7E2C5E94190004075F;
			packageReferences = (
				EFA808DC2C5ED1F000FBE989 /* XCRemoteSwiftPackageReference "Tabman" */,
				EFD355652C613705005CC6DA /* XCRemoteSwiftPackageReference "firebase-ios-sdk" */,
				EFD355662C613799005CC6DA /* XCRemoteSwiftPackageReference "GoogleSignIn-iOS" */,
			);
			productRefGroup = EFB5AF882C5E94190004075F /* Products */;
			projectDirPath = "";
			projectRoot = "";
			targets = (
				EFB5AF862C5E94190004075F /* FoodRecipeApp */,
				EFB5AF9C2C5E941B0004075F /* FoodRecipeAppTests */,
				EFB5AFA62C5E941B0004075F /* FoodRecipeAppUITests */,
			);
		};
/* End PBXProject section */

/* Begin PBXResourcesBuildPhase section */
		EFB5AF852C5E94190004075F /* Resources */ = {
			isa = PBXResourcesBuildPhase;
			buildActionMask = 2147483647;
			files = (
				EFB5AF942C5E941A0004075F /* Assets.xcassets in Resources */,
				EF09E45C2C662926004675DF /* SearchStoryboard.storyboard in Resources */,
				EF0759742C66592F00CA1F67 /* NotificationStoryboard.storyboard in Resources */,
				EF86657C2C653E7C0016023C /* GoogleService-Info.plist in Resources */,
				EF09E4492C661F69004675DF /* HomeStoryboard.storyboard in Resources */,
				EFB5AF972C5E941A0004075F /* Base in Resources */,
				EF8665842C66133F0016023C /* HomeTabbarStoryboard.storyboard in Resources */,
				EFB5AF922C5E94190004075F /* Base in Resources */,
				EF07597D2C66881000CA1F67 /* EmptyStoryboard.storyboard in Resources */,
				EF15DEF72C5EC94A00EF4294 /* AuthenticationStoryboard.storyboard in Resources */,
				EF0759762C66594000CA1F67 /* ProfileStoryboard.storyboard in Resources */,
				EF15DEE92C5EC68F00EF4294 /* CreateAccountStoryboard.storyboard in Resources */,
				EF15DEE72C5EC68000EF4294 /* LoginStoryboard.storyboard in Resources */,
			);
			runOnlyForDeploymentPostprocessing = 0;
		};
		EFB5AF9B2C5E941B0004075F /* Resources */ = {
			isa = PBXResourcesBuildPhase;
			buildActionMask = 2147483647;
			files = (
			);
			runOnlyForDeploymentPostprocessing = 0;
		};
		EFB5AFA52C5E941B0004075F /* Resources */ = {
			isa = PBXResourcesBuildPhase;
			buildActionMask = 2147483647;
			files = (
			);
			runOnlyForDeploymentPostprocessing = 0;
		};
/* End PBXResourcesBuildPhase section */

/* Begin PBXSourcesBuildPhase section */
		EFB5AF832C5E94190004075F /* Sources */ = {
			isa = PBXSourcesBuildPhase;
			buildActionMask = 2147483647;
			files = (
				EFB5AF8F2C5E94190004075F /* MainViewController.swift in Sources */,
				EFB5AF8B2C5E94190004075F /* AppDelegate.swift in Sources */,
				EF15DED42C5EC41600EF4294 /* LoginPresenter.swift in Sources */,
				EF8665822C6612EF0016023C /* HomeTabbarViewController.swift in Sources */,
				EF15DED52C5EC41600EF4294 /* LoginWorker.swift in Sources */,
				EF15DED62C5EC41600EF4294 /* LoginRouter.swift in Sources */,
				EF15DED72C5EC41600EF4294 /* LoginModels.swift in Sources */,
				EF15DED82C5EC41600EF4294 /* LoginViewController.swift in Sources */,
				EF15DED92C5EC41600EF4294 /* LoginInteractor.swift in Sources */,
				EF0759612C6658E900CA1F67 /* NotificationPresenter.swift in Sources */,
				EF0759622C6658E900CA1F67 /* NotificationWorker.swift in Sources */,
				EF0759632C6658E900CA1F67 /* NotificationRouter.swift in Sources */,
				EF0759642C6658E900CA1F67 /* NotificationModels.swift in Sources */,
				EF0759652C6658E900CA1F67 /* NotificationViewController.swift in Sources */,
				EF0759662C6658E900CA1F67 /* NotificationInteractor.swift in Sources */,
				EF15DEE02C5EC44700EF4294 /* CreateAccountPresenter.swift in Sources */,
				EFC523942C629A94001467DC /* HomePresenter.swift in Sources */,
				EFC523952C629A94001467DC /* HomeWorker.swift in Sources */,
				EFC523962C629A94001467DC /* HomeRouter.swift in Sources */,
				EFC523972C629A94001467DC /* HomeModels.swift in Sources */,
				EFC523982C629A94001467DC /* HomeViewController.swift in Sources */,
				EFC523992C629A94001467DC /* HomeInteractor.swift in Sources */,
				EF15DEE12C5EC44700EF4294 /* CreateAccountWorker.swift in Sources */,
				EFD355712C615183005CC6DA /* GoogleService.swift in Sources */,
				EF15DEE22C5EC44700EF4294 /* CreateAccountRouter.swift in Sources */,
				EF15DEE32C5EC44700EF4294 /* CreateAccountModels.swift in Sources */,
				EF15DEE42C5EC44700EF4294 /* CreateAccountViewController.swift in Sources */,
				EF15DEE52C5EC44700EF4294 /* CreateAccountInteractor.swift in Sources */,
				EF07596D2C66590900CA1F67 /* ProfilePresenter.swift in Sources */,
				EF07596E2C66590900CA1F67 /* ProfileWorker.swift in Sources */,
				EF07596F2C66590900CA1F67 /* ProfileRouter.swift in Sources */,
				EF0759702C66590900CA1F67 /* ProfileModels.swift in Sources */,
				EF0759782C667C6300CA1F67 /* TabbarViewController.swift in Sources */,
				EF0759712C66590900CA1F67 /* ProfileViewController.swift in Sources */,
				EF0759722C66590900CA1F67 /* ProfileInteractor.swift in Sources */,
				EF15DEF02C5EC91500EF4294 /* AuthenticationPresenter.swift in Sources */,
				EF15DEF12C5EC91500EF4294 /* AuthenticationWorker.swift in Sources */,
				EF15DEF22C5EC91500EF4294 /* AuthenticationRouter.swift in Sources */,
				EF15DEF32C5EC91500EF4294 /* AuthenticationModels.swift in Sources */,
				EF15DEF42C5EC91500EF4294 /* AuthenticationViewController.swift in Sources */,
				EF15DEF52C5EC91500EF4294 /* AuthenticationInteractor.swift in Sources */,
				EF09E4552C66290F004675DF /* SearchPresenter.swift in Sources */,
				EF09E4562C66290F004675DF /* SearchWorker.swift in Sources */,
				EF09E4572C66290F004675DF /* SearchRouter.swift in Sources */,
				EF09E4582C66290F004675DF /* SearchModels.swift in Sources */,
				EF09E4592C66290F004675DF /* SearchViewController.swift in Sources */,
				EF09E45A2C66290F004675DF /* SearchInteractor.swift in Sources */,
				EF07597B2C66880200CA1F67 /* EmptyViewController.swift in Sources */,
				EFB5AF8D2C5E94190004075F /* SceneDelegate.swift in Sources */,
			);
			runOnlyForDeploymentPostprocessing = 0;
		};
		EFB5AF992C5E941B0004075F /* Sources */ = {
			isa = PBXSourcesBuildPhase;
			buildActionMask = 2147483647;
			files = (
				EFB5AFA22C5E941B0004075F /* FoodRecipeAppTests.swift in Sources */,
			);
			runOnlyForDeploymentPostprocessing = 0;
		};
		EFB5AFA32C5E941B0004075F /* Sources */ = {
			isa = PBXSourcesBuildPhase;
			buildActionMask = 2147483647;
			files = (
				EFB5AFAE2C5E941B0004075F /* FoodRecipeAppUITestsLaunchTests.swift in Sources */,
				EFB5AFAC2C5E941B0004075F /* FoodRecipeAppUITests.swift in Sources */,
			);
			runOnlyForDeploymentPostprocessing = 0;
		};
/* End PBXSourcesBuildPhase section */

/* Begin PBXTargetDependency section */
		EFB5AF9F2C5E941B0004075F /* PBXTargetDependency */ = {
			isa = PBXTargetDependency;
			target = EFB5AF862C5E94190004075F /* FoodRecipeApp */;
			targetProxy = EFB5AF9E2C5E941B0004075F /* PBXContainerItemProxy */;
		};
		EFB5AFA92C5E941B0004075F /* PBXTargetDependency */ = {
			isa = PBXTargetDependency;
			target = EFB5AF862C5E94190004075F /* FoodRecipeApp */;
			targetProxy = EFB5AFA82C5E941B0004075F /* PBXContainerItemProxy */;
		};
/* End PBXTargetDependency section */

/* Begin PBXVariantGroup section */
		EFB5AF902C5E94190004075F /* Main.storyboard */ = {
			isa = PBXVariantGroup;
			children = (
				EFB5AF912C5E94190004075F /* Base */,
			);
			name = Main.storyboard;
			sourceTree = "<group>";
		};
		EFB5AF952C5E941A0004075F /* LaunchScreen.storyboard */ = {
			isa = PBXVariantGroup;
			children = (
				EFB5AF962C5E941A0004075F /* Base */,
			);
			name = LaunchScreen.storyboard;
			sourceTree = "<group>";
		};
/* End PBXVariantGroup section */

/* Begin XCBuildConfiguration section */
		EFB5AFAF2C5E941B0004075F /* Debug */ = {
			isa = XCBuildConfiguration;
			buildSettings = {
				ALWAYS_SEARCH_USER_PATHS = NO;
				ASSETCATALOG_COMPILER_GENERATE_SWIFT_ASSET_SYMBOL_EXTENSIONS = YES;
				CLANG_ANALYZER_NONNULL = YES;
				CLANG_ANALYZER_NUMBER_OBJECT_CONVERSION = YES_AGGRESSIVE;
				CLANG_CXX_LANGUAGE_STANDARD = "gnu++20";
				CLANG_ENABLE_MODULES = YES;
				CLANG_ENABLE_OBJC_ARC = YES;
				CLANG_ENABLE_OBJC_WEAK = YES;
				CLANG_WARN_BLOCK_CAPTURE_AUTORELEASING = YES;
				CLANG_WARN_BOOL_CONVERSION = YES;
				CLANG_WARN_COMMA = YES;
				CLANG_WARN_CONSTANT_CONVERSION = YES;
				CLANG_WARN_DEPRECATED_OBJC_IMPLEMENTATIONS = YES;
				CLANG_WARN_DIRECT_OBJC_ISA_USAGE = YES_ERROR;
				CLANG_WARN_DOCUMENTATION_COMMENTS = YES;
				CLANG_WARN_EMPTY_BODY = YES;
				CLANG_WARN_ENUM_CONVERSION = YES;
				CLANG_WARN_INFINITE_RECURSION = YES;
				CLANG_WARN_INT_CONVERSION = YES;
				CLANG_WARN_NON_LITERAL_NULL_CONVERSION = YES;
				CLANG_WARN_OBJC_IMPLICIT_RETAIN_SELF = YES;
				CLANG_WARN_OBJC_LITERAL_CONVERSION = YES;
				CLANG_WARN_OBJC_ROOT_CLASS = YES_ERROR;
				CLANG_WARN_QUOTED_INCLUDE_IN_FRAMEWORK_HEADER = YES;
				CLANG_WARN_RANGE_LOOP_ANALYSIS = YES;
				CLANG_WARN_STRICT_PROTOTYPES = YES;
				CLANG_WARN_SUSPICIOUS_MOVE = YES;
				CLANG_WARN_UNGUARDED_AVAILABILITY = YES_AGGRESSIVE;
				CLANG_WARN_UNREACHABLE_CODE = YES;
				CLANG_WARN__DUPLICATE_METHOD_MATCH = YES;
				COPY_PHASE_STRIP = NO;
				DEBUG_INFORMATION_FORMAT = dwarf;
				ENABLE_STRICT_OBJC_MSGSEND = YES;
				ENABLE_TESTABILITY = YES;
				ENABLE_USER_SCRIPT_SANDBOXING = YES;
				GCC_C_LANGUAGE_STANDARD = gnu17;
				GCC_DYNAMIC_NO_PIC = NO;
				GCC_NO_COMMON_BLOCKS = YES;
				GCC_OPTIMIZATION_LEVEL = 0;
				GCC_PREPROCESSOR_DEFINITIONS = (
					"DEBUG=1",
					"$(inherited)",
				);
				GCC_WARN_64_TO_32_BIT_CONVERSION = YES;
				GCC_WARN_ABOUT_RETURN_TYPE = YES_ERROR;
				GCC_WARN_UNDECLARED_SELECTOR = YES;
				GCC_WARN_UNINITIALIZED_AUTOS = YES_AGGRESSIVE;
				GCC_WARN_UNUSED_FUNCTION = YES;
				GCC_WARN_UNUSED_VARIABLE = YES;
				IPHONEOS_DEPLOYMENT_TARGET = 17.5;
				LOCALIZATION_PREFERS_STRING_CATALOGS = YES;
				MTL_ENABLE_DEBUG_INFO = INCLUDE_SOURCE;
				MTL_FAST_MATH = YES;
				ONLY_ACTIVE_ARCH = YES;
				SDKROOT = iphoneos;
				SWIFT_ACTIVE_COMPILATION_CONDITIONS = "DEBUG $(inherited)";
				SWIFT_OPTIMIZATION_LEVEL = "-Onone";
			};
			name = Debug;
		};
		EFB5AFB02C5E941B0004075F /* Release */ = {
			isa = XCBuildConfiguration;
			buildSettings = {
				ALWAYS_SEARCH_USER_PATHS = NO;
				ASSETCATALOG_COMPILER_GENERATE_SWIFT_ASSET_SYMBOL_EXTENSIONS = YES;
				CLANG_ANALYZER_NONNULL = YES;
				CLANG_ANALYZER_NUMBER_OBJECT_CONVERSION = YES_AGGRESSIVE;
				CLANG_CXX_LANGUAGE_STANDARD = "gnu++20";
				CLANG_ENABLE_MODULES = YES;
				CLANG_ENABLE_OBJC_ARC = YES;
				CLANG_ENABLE_OBJC_WEAK = YES;
				CLANG_WARN_BLOCK_CAPTURE_AUTORELEASING = YES;
				CLANG_WARN_BOOL_CONVERSION = YES;
				CLANG_WARN_COMMA = YES;
				CLANG_WARN_CONSTANT_CONVERSION = YES;
				CLANG_WARN_DEPRECATED_OBJC_IMPLEMENTATIONS = YES;
				CLANG_WARN_DIRECT_OBJC_ISA_USAGE = YES_ERROR;
				CLANG_WARN_DOCUMENTATION_COMMENTS = YES;
				CLANG_WARN_EMPTY_BODY = YES;
				CLANG_WARN_ENUM_CONVERSION = YES;
				CLANG_WARN_INFINITE_RECURSION = YES;
				CLANG_WARN_INT_CONVERSION = YES;
				CLANG_WARN_NON_LITERAL_NULL_CONVERSION = YES;
				CLANG_WARN_OBJC_IMPLICIT_RETAIN_SELF = YES;
				CLANG_WARN_OBJC_LITERAL_CONVERSION = YES;
				CLANG_WARN_OBJC_ROOT_CLASS = YES_ERROR;
				CLANG_WARN_QUOTED_INCLUDE_IN_FRAMEWORK_HEADER = YES;
				CLANG_WARN_RANGE_LOOP_ANALYSIS = YES;
				CLANG_WARN_STRICT_PROTOTYPES = YES;
				CLANG_WARN_SUSPICIOUS_MOVE = YES;
				CLANG_WARN_UNGUARDED_AVAILABILITY = YES_AGGRESSIVE;
				CLANG_WARN_UNREACHABLE_CODE = YES;
				CLANG_WARN__DUPLICATE_METHOD_MATCH = YES;
				COPY_PHASE_STRIP = NO;
				DEBUG_INFORMATION_FORMAT = "dwarf-with-dsym";
				ENABLE_NS_ASSERTIONS = NO;
				ENABLE_STRICT_OBJC_MSGSEND = YES;
				ENABLE_USER_SCRIPT_SANDBOXING = YES;
				GCC_C_LANGUAGE_STANDARD = gnu17;
				GCC_NO_COMMON_BLOCKS = YES;
				GCC_WARN_64_TO_32_BIT_CONVERSION = YES;
				GCC_WARN_ABOUT_RETURN_TYPE = YES_ERROR;
				GCC_WARN_UNDECLARED_SELECTOR = YES;
				GCC_WARN_UNINITIALIZED_AUTOS = YES_AGGRESSIVE;
				GCC_WARN_UNUSED_FUNCTION = YES;
				GCC_WARN_UNUSED_VARIABLE = YES;
				IPHONEOS_DEPLOYMENT_TARGET = 17.5;
				LOCALIZATION_PREFERS_STRING_CATALOGS = YES;
				MTL_ENABLE_DEBUG_INFO = NO;
				MTL_FAST_MATH = YES;
				SDKROOT = iphoneos;
				SWIFT_COMPILATION_MODE = wholemodule;
				VALIDATE_PRODUCT = YES;
			};
			name = Release;
		};
		EFB5AFB22C5E941B0004075F /* Debug */ = {
			isa = XCBuildConfiguration;
			buildSettings = {
				ASSETCATALOG_COMPILER_APPICON_NAME = AppIcon;
				ASSETCATALOG_COMPILER_GLOBAL_ACCENT_COLOR_NAME = AccentColor;
				CODE_SIGN_STYLE = Automatic;
				CURRENT_PROJECT_VERSION = 1;
				GENERATE_INFOPLIST_FILE = YES;
				INFOPLIST_FILE = FoodRecipeApp/Info.plist;
				INFOPLIST_KEY_UIApplicationSupportsIndirectInputEvents = YES;
				INFOPLIST_KEY_UILaunchStoryboardName = LaunchScreen;
				INFOPLIST_KEY_UIMainStoryboardFile = Main;
				INFOPLIST_KEY_UISupportedInterfaceOrientations_iPad = "UIInterfaceOrientationPortrait UIInterfaceOrientationPortraitUpsideDown UIInterfaceOrientationLandscapeLeft UIInterfaceOrientationLandscapeRight";
				INFOPLIST_KEY_UISupportedInterfaceOrientations_iPhone = "UIInterfaceOrientationPortrait UIInterfaceOrientationLandscapeLeft UIInterfaceOrientationLandscapeRight";
				LD_RUNPATH_SEARCH_PATHS = (
					"$(inherited)",
					"@executable_path/Frameworks",
				);
				MARKETING_VERSION = 1.0;
				PRODUCT_BUNDLE_IDENTIFIER = com.FoodRecipeApp;
				PRODUCT_NAME = "$(TARGET_NAME)";
				SWIFT_EMIT_LOC_STRINGS = YES;
				SWIFT_VERSION = 5.0;
				TARGETED_DEVICE_FAMILY = "1,2";
			};
			name = Debug;
		};
		EFB5AFB32C5E941B0004075F /* Release */ = {
			isa = XCBuildConfiguration;
			buildSettings = {
				ASSETCATALOG_COMPILER_APPICON_NAME = AppIcon;
				ASSETCATALOG_COMPILER_GLOBAL_ACCENT_COLOR_NAME = AccentColor;
				CODE_SIGN_STYLE = Automatic;
				CURRENT_PROJECT_VERSION = 1;
				GENERATE_INFOPLIST_FILE = YES;
				INFOPLIST_FILE = FoodRecipeApp/Info.plist;
				INFOPLIST_KEY_UIApplicationSupportsIndirectInputEvents = YES;
				INFOPLIST_KEY_UILaunchStoryboardName = LaunchScreen;
				INFOPLIST_KEY_UIMainStoryboardFile = Main;
				INFOPLIST_KEY_UISupportedInterfaceOrientations_iPad = "UIInterfaceOrientationPortrait UIInterfaceOrientationPortraitUpsideDown UIInterfaceOrientationLandscapeLeft UIInterfaceOrientationLandscapeRight";
				INFOPLIST_KEY_UISupportedInterfaceOrientations_iPhone = "UIInterfaceOrientationPortrait UIInterfaceOrientationLandscapeLeft UIInterfaceOrientationLandscapeRight";
				LD_RUNPATH_SEARCH_PATHS = (
					"$(inherited)",
					"@executable_path/Frameworks",
				);
				MARKETING_VERSION = 1.0;
				PRODUCT_BUNDLE_IDENTIFIER = com.FoodRecipeApp;
				PRODUCT_NAME = "$(TARGET_NAME)";
				SWIFT_EMIT_LOC_STRINGS = YES;
				SWIFT_VERSION = 5.0;
				TARGETED_DEVICE_FAMILY = "1,2";
			};
			name = Release;
		};
		EFB5AFB52C5E941B0004075F /* Debug */ = {
			isa = XCBuildConfiguration;
			buildSettings = {
				ALWAYS_EMBED_SWIFT_STANDARD_LIBRARIES = YES;
				BUNDLE_LOADER = "$(TEST_HOST)";
				CODE_SIGN_STYLE = Automatic;
				CURRENT_PROJECT_VERSION = 1;
				GENERATE_INFOPLIST_FILE = YES;
				IPHONEOS_DEPLOYMENT_TARGET = 17.5;
				MARKETING_VERSION = 1.0;
				PRODUCT_BUNDLE_IDENTIFIER = com.FoodRecipeAppTests;
				PRODUCT_NAME = "$(TARGET_NAME)";
				SWIFT_EMIT_LOC_STRINGS = NO;
				SWIFT_VERSION = 5.0;
				TARGETED_DEVICE_FAMILY = "1,2";
				TEST_HOST = "$(BUILT_PRODUCTS_DIR)/FoodRecipeApp.app/$(BUNDLE_EXECUTABLE_FOLDER_PATH)/FoodRecipeApp";
			};
			name = Debug;
		};
		EFB5AFB62C5E941B0004075F /* Release */ = {
			isa = XCBuildConfiguration;
			buildSettings = {
				ALWAYS_EMBED_SWIFT_STANDARD_LIBRARIES = YES;
				BUNDLE_LOADER = "$(TEST_HOST)";
				CODE_SIGN_STYLE = Automatic;
				CURRENT_PROJECT_VERSION = 1;
				GENERATE_INFOPLIST_FILE = YES;
				IPHONEOS_DEPLOYMENT_TARGET = 17.5;
				MARKETING_VERSION = 1.0;
				PRODUCT_BUNDLE_IDENTIFIER = com.FoodRecipeAppTests;
				PRODUCT_NAME = "$(TARGET_NAME)";
				SWIFT_EMIT_LOC_STRINGS = NO;
				SWIFT_VERSION = 5.0;
				TARGETED_DEVICE_FAMILY = "1,2";
				TEST_HOST = "$(BUILT_PRODUCTS_DIR)/FoodRecipeApp.app/$(BUNDLE_EXECUTABLE_FOLDER_PATH)/FoodRecipeApp";
			};
			name = Release;
		};
		EFB5AFB82C5E941B0004075F /* Debug */ = {
			isa = XCBuildConfiguration;
			buildSettings = {
				ALWAYS_EMBED_SWIFT_STANDARD_LIBRARIES = YES;
				CODE_SIGN_STYLE = Automatic;
				CURRENT_PROJECT_VERSION = 1;
				GENERATE_INFOPLIST_FILE = YES;
				MARKETING_VERSION = 1.0;
				PRODUCT_BUNDLE_IDENTIFIER = com.FoodRecipeAppUITests;
				PRODUCT_NAME = "$(TARGET_NAME)";
				SWIFT_EMIT_LOC_STRINGS = NO;
				SWIFT_VERSION = 5.0;
				TARGETED_DEVICE_FAMILY = "1,2";
				TEST_TARGET_NAME = FoodRecipeApp;
			};
			name = Debug;
		};
		EFB5AFB92C5E941B0004075F /* Release */ = {
			isa = XCBuildConfiguration;
			buildSettings = {
				ALWAYS_EMBED_SWIFT_STANDARD_LIBRARIES = YES;
				CODE_SIGN_STYLE = Automatic;
				CURRENT_PROJECT_VERSION = 1;
				GENERATE_INFOPLIST_FILE = YES;
				MARKETING_VERSION = 1.0;
				PRODUCT_BUNDLE_IDENTIFIER = com.FoodRecipeAppUITests;
				PRODUCT_NAME = "$(TARGET_NAME)";
				SWIFT_EMIT_LOC_STRINGS = NO;
				SWIFT_VERSION = 5.0;
				TARGETED_DEVICE_FAMILY = "1,2";
				TEST_TARGET_NAME = FoodRecipeApp;
			};
			name = Release;
		};
/* End XCBuildConfiguration section */

/* Begin XCConfigurationList section */
		EFB5AF822C5E94190004075F /* Build configuration list for PBXProject "FoodRecipeApp" */ = {
			isa = XCConfigurationList;
			buildConfigurations = (
				EFB5AFAF2C5E941B0004075F /* Debug */,
				EFB5AFB02C5E941B0004075F /* Release */,
			);
			defaultConfigurationIsVisible = 0;
			defaultConfigurationName = Release;
		};
		EFB5AFB12C5E941B0004075F /* Build configuration list for PBXNativeTarget "FoodRecipeApp" */ = {
			isa = XCConfigurationList;
			buildConfigurations = (
				EFB5AFB22C5E941B0004075F /* Debug */,
				EFB5AFB32C5E941B0004075F /* Release */,
			);
			defaultConfigurationIsVisible = 0;
			defaultConfigurationName = Release;
		};
		EFB5AFB42C5E941B0004075F /* Build configuration list for PBXNativeTarget "FoodRecipeAppTests" */ = {
			isa = XCConfigurationList;
			buildConfigurations = (
				EFB5AFB52C5E941B0004075F /* Debug */,
				EFB5AFB62C5E941B0004075F /* Release */,
			);
			defaultConfigurationIsVisible = 0;
			defaultConfigurationName = Release;
		};
		EFB5AFB72C5E941B0004075F /* Build configuration list for PBXNativeTarget "FoodRecipeAppUITests" */ = {
			isa = XCConfigurationList;
			buildConfigurations = (
				EFB5AFB82C5E941B0004075F /* Debug */,
				EFB5AFB92C5E941B0004075F /* Release */,
			);
			defaultConfigurationIsVisible = 0;
			defaultConfigurationName = Release;
		};
/* End XCConfigurationList section */

/* Begin XCRemoteSwiftPackageReference section */
		EFA808DC2C5ED1F000FBE989 /* XCRemoteSwiftPackageReference "Tabman" */ = {
			isa = XCRemoteSwiftPackageReference;
			repositoryURL = "https://github.com/uias/Tabman.git";
			requirement = {
				kind = upToNextMajorVersion;
				minimumVersion = 3.2.0;
			};
		};
		EFD355652C613705005CC6DA /* XCRemoteSwiftPackageReference "firebase-ios-sdk" */ = {
			isa = XCRemoteSwiftPackageReference;
			repositoryURL = "https://github.com/firebase/firebase-ios-sdk.git";
			requirement = {
				kind = upToNextMajorVersion;
				minimumVersion = 11.0.0;
			};
		};
		EFD355662C613799005CC6DA /* XCRemoteSwiftPackageReference "GoogleSignIn-iOS" */ = {
			isa = XCRemoteSwiftPackageReference;
			repositoryURL = "https://github.com/google/GoogleSignIn-iOS";
			requirement = {
				kind = upToNextMajorVersion;
				minimumVersion = 7.1.0;
			};
		};
/* End XCRemoteSwiftPackageReference section */

/* Begin XCSwiftPackageProductDependency section */
		EF89885E2C5ED4090028FFD4 /* Tabman */ = {
			isa = XCSwiftPackageProductDependency;
			package = EFA808DC2C5ED1F000FBE989 /* XCRemoteSwiftPackageReference "Tabman" */;
			productName = Tabman;
		};
		EFD355692C613C60005CC6DA /* FirebaseAuth */ = {
			isa = XCSwiftPackageProductDependency;
			package = EFD355652C613705005CC6DA /* XCRemoteSwiftPackageReference "firebase-ios-sdk" */;
			productName = FirebaseAuth;
		};
		EFD3556B2C613C60005CC6DA /* GoogleSignIn */ = {
			isa = XCSwiftPackageProductDependency;
			package = EFD355662C613799005CC6DA /* XCRemoteSwiftPackageReference "GoogleSignIn-iOS" */;
			productName = GoogleSignIn;
		};
		EFD3556D2C613C60005CC6DA /* GoogleSignInSwift */ = {
			isa = XCSwiftPackageProductDependency;
			package = EFD355662C613799005CC6DA /* XCRemoteSwiftPackageReference "GoogleSignIn-iOS" */;
			productName = GoogleSignInSwift;
		};
/* End XCSwiftPackageProductDependency section */
	};
	rootObject = EFB5AF7F2C5E94190004075F /* Project object */;
}
